<?xml version="1.0" encoding="utf-8"?>
<Project ToolsVersion="4.0" xmlns="http://schemas.microsoft.com/developer/msbuild/2003">
  <ItemGroup>
    <Filter Include="Source Files">
      <UniqueIdentifier>{4FC737F1-C7A5-4376-A066-2A32D752A2FF}</UniqueIdentifier>
      <Extensions>cpp;c;cc;cxx;def;odl;idl;hpj;bat;asm;asmx</Extensions>
    </Filter>
    <Filter Include="Header Files">
      <UniqueIdentifier>{93995380-89BD-4b04-88EB-625FBE52EBFB}</UniqueIdentifier>
      <Extensions>h;hh;hpp;hxx;hm;inl;inc;ipp;xsd</Extensions>
    </Filter>
    <Filter Include="Resource Files">
      <UniqueIdentifier>{67DA6AB6-F800-4c08-8B7A-83BB121AAD01}</UniqueIdentifier>
      <Extensions>rc;ico;cur;bmp;dlg;rc2;rct;bin;rgs;gif;jpg;jpeg;jpe;resx;tiff;tif;png;wav;mfcribbon-ms</Extensions>
    </Filter>
  </ItemGroup>
  <ItemGroup>
    <ClInclude Include="framework.h">
      <Filter>Header Files</Filter>
    </ClInclude>
    <ClInclude Include="pch.h">
      <Filter>Header Files</Filter>
    </ClInclude>
    <ClInclude Include="bitstream.h">
      <Filter>Header Files</Filter>
    </ClInclude>
    <ClInclude Include="encoder.h">
      <Filter>Header Files</Filter>
    </ClInclude>
    <ClInclude Include="fft.h">
      <Filter>Header Files</Filter>
    </ClInclude>
    <ClInclude Include="gain_analysis.h">
      <Filter>Header Files</Filter>
    </ClInclude>
    <ClInclude Include="id3tag.h">
      <Filter>Header Files</Filter>
    </ClInclude>
    <ClInclude Include="l3side.h">
      <Filter>Header Files</Filter>
    </ClInclude>
    <ClInclude Include="lame_global_flags.h">
      <Filter>Header Files</Filter>
    </ClInclude>
    <ClInclude Include="lameerror.h">
      <Filter>Header Files</Filter>
    </ClInclude>
    <ClInclude Include="machine.h">
      <Filter>Header Files</Filter>
    </ClInclude>
    <ClInclude Include="newmdct.h">
      <Filter>Header Files</Filter>
    </ClInclude>
    <ClInclude Include="psymodel.h">
      <Filter>Header Files</Filter>
    </ClInclude>
    <ClInclude Include="quantize.h">
      <Filter>Header Files</Filter>
    </ClInclude>
    <ClInclude Include="quantize_pvt.h">
      <Filter>Header Files</Filter>
    </ClInclude>
    <ClInclude Include="reservoir.h">
      <Filter>Header Files</Filter>
    </ClInclude>
    <ClInclude Include="set_get.h">
      <Filter>Header Files</Filter>
    </ClInclude>
    <ClInclude Include="tables.h">
      <Filter>Header Files</Filter>
    </ClInclude>
    <ClInclude Include="util.h">
      <Filter>Header Files</Filter>
    </ClInclude>
    <ClInclude Include="vbrquantize.h">
      <Filter>Header Files</Filter>
    </ClInclude>
    <ClInclude Include="VbrTag.h">
      <Filter>Header Files</Filter>
    </ClInclude>
    <ClInclude Include="version.h">
      <Filter>Header Files</Filter>
    </ClInclude>
  </ItemGroup>
  <ItemGroup>
    <ClCompile Include="libmp3lame-static.cpp">
      <Filter>Source Files</Filter>
    </ClCompile>
    <ClCompile Include="bitstream.c">
      <Filter>Source Files</Filter>
    </ClCompile>
    <ClCompile Include="encoder.c">
      <Filter>Source Files</Filter>
    </ClCompile>
    <ClCompile Include="fft.c">
      <Filter>Source Files</Filter>
    </ClCompile>
    <ClCompile Include="gain_analysis.c">
      <Filter>Source Files</Filter>
    </ClCompile>
    <ClCompile Include="id3tag.c">
      <Filter>Source Files</Filter>
    </ClCompile>
    <ClCompile Include="lame.c">
      <Filter>Source Files</Filter>
    </ClCompile>
    <ClCompile Include="mpglib_interface.c">
      <Filter>Source Files</Filter>
    </ClCompile>
    <ClCompile Include="newmdct.c">
      <Filter>Source Files</Filter>
    </ClCompile>
    <ClCompile Include="presets.c">
      <Filter>Source Files</Filter>
    </ClCompile>
    <ClCompile Include="psymodel.c">
      <Filter>Source Files</Filter>
    </ClCompile>
    <ClCompile Include="quantize.c">
      <Filter>Source Files</Filter>
    </ClCompile>
    <ClCompile Include="quantize_pvt.c">
      <Filter>Source Files</Filter>
    </ClCompile>
    <ClCompile Include="reservoir.c">
      <Filter>Source Files</Filter>
    </ClCompile>
    <ClCompile Include="set_get.c">
      <Filter>Source Files</Filter>
    </ClCompile>
    <ClCompile Include="tables.c">
      <Filter>Source Files</Filter>
    </ClCompile>
    <ClCompile Include="takehiro.c">
      <Filter>Source Files</Filter>
    </ClCompile>
    <ClCompile Include="util.c">
      <Filter>Source Files</Filter>
    </ClCompile>
    <ClCompile Include="vbrquantize.c">
      <Filter>Source Files</Filter>
    </ClCompile>
    <ClCompile Include="VbrTag.c">
      <Filter>Source Files</Filter>
    </ClCompile>
    <ClCompile Include="version.c">
      <Filter>Source Files</Filter>
    </ClCompile>
  </ItemGroup>
  <ItemGroup>
    <ResourceCompile Include="lame.rc">
      <Filter>Resource Files</Filter>
    </ResourceCompile>
  </ItemGroup>
</Project>